// !$*UTF8*$!
{
	archiveVersion = 1;
	classes = {
	};
	objectVersion = 46;
	objects = {

/* Begin PBXBuildFile section */
		1D458FE51CBD81A400506FC8 /* AppDelegate.swift in Sources */ = {isa = PBXBuildFile; fileRef = 1D458FE41CBD81A400506FC8 /* AppDelegate.swift */; };
		1D458FE71CBD81A400506FC8 /* ViewController.swift in Sources */ = {isa = PBXBuildFile; fileRef = 1D458FE61CBD81A400506FC8 /* ViewController.swift */; };
		1D458FEA1CBD81A400506FC8 /* Main.storyboard in Resources */ = {isa = PBXBuildFile; fileRef = 1D458FE81CBD81A400506FC8 /* Main.storyboard */; };
		1D458FEC1CBD81A400506FC8 /* Assets.xcassets in Resources */ = {isa = PBXBuildFile; fileRef = 1D458FEB1CBD81A400506FC8 /* Assets.xcassets */; };
		1D458FEF1CBD81A400506FC8 /* LaunchScreen.storyboard in Resources */ = {isa = PBXBuildFile; fileRef = 1D458FED1CBD81A400506FC8 /* LaunchScreen.storyboard */; };
		1D458FFA1CBD81A400506FC8 /* ReduxDemoTests.swift in Sources */ = {isa = PBXBuildFile; fileRef = 1D458FF91CBD81A400506FC8 /* ReduxDemoTests.swift */; };
/* End PBXBuildFile section */

/* Begin PBXContainerItemProxy section */
		1D458FF61CBD81A400506FC8 /* PBXContainerItemProxy */ = {
			isa = PBXContainerItemProxy;
			containerPortal = 1D458FD91CBD81A400506FC8 /* Project object */;
			proxyType = 1;
			remoteGlobalIDString = 1D458FE01CBD81A400506FC8;
			remoteInfo = ReduxDemo;
		};
/* End PBXContainerItemProxy section */

/* Begin PBXFileReference section */
		1D458FE11CBD81A400506FC8 /* ReduxDemo.app */ = {isa = PBXFileReference; explicitFileType = wrapper.application; includeInIndex = 0; path = ReduxDemo.app; sourceTree = BUILT_PRODUCTS_DIR; };
		1D458FE41CBD81A400506FC8 /* AppDelegate.swift */ = {isa = PBXFileReference; lastKnownFileType = sourcecode.swift; path = AppDelegate.swift; sourceTree = "<group>"; };
		1D458FE61CBD81A400506FC8 /* ViewController.swift */ = {isa = PBXFileReference; lastKnownFileType = sourcecode.swift; path = ViewController.swift; sourceTree = "<group>"; };
		1D458FE91CBD81A400506FC8 /* Base */ = {isa = PBXFileReference; lastKnownFileType = file.storyboard; name = Base; path = Base.lproj/Main.storyboard; sourceTree = "<group>"; };
		1D458FEB1CBD81A400506FC8 /* Assets.xcassets */ = {isa = PBXFileReference; lastKnownFileType = folder.assetcatalog; path = Assets.xcassets; sourceTree = "<group>"; };
		1D458FEE1CBD81A400506FC8 /* Base */ = {isa = PBXFileReference; lastKnownFileType = file.storyboard; name = Base; path = Base.lproj/LaunchScreen.storyboard; sourceTree = "<group>"; };
		1D458FF01CBD81A400506FC8 /* Info.plist */ = {isa = PBXFileReference; lastKnownFileType = text.plist.xml; path = Info.plist; sourceTree = "<group>"; };
		1D458FF51CBD81A400506FC8 /* ReduxDemoTests.xctest */ = {isa = PBXFileReference; explicitFileType = wrapper.cfbundle; includeInIndex = 0; path = ReduxDemoTests.xctest; sourceTree = BUILT_PRODUCTS_DIR; };
		1D458FF91CBD81A400506FC8 /* ReduxDemoTests.swift */ = {isa = PBXFileReference; lastKnownFileType = sourcecode.swift; path = ReduxDemoTests.swift; sourceTree = "<group>"; };
		1D458FFB1CBD81A400506FC8 /* Info.plist */ = {isa = PBXFileReference; lastKnownFileType = text.plist.xml; path = Info.plist; sourceTree = "<group>"; };
/* End PBXFileReference section */

/* Begin PBXFrameworksBuildPhase section */
		1D458FDE1CBD81A400506FC8 /* Frameworks */ = {
			isa = PBXFrameworksBuildPhase;
			buildActionMask = 2147483647;
			files = (
			);
			runOnlyForDeploymentPostprocessing = 0;
		};
		1D458FF21CBD81A400506FC8 /* Frameworks */ = {
			isa = PBXFrameworksBuildPhase;
			buildActionMask = 2147483647;
			files = (
			);
			runOnlyForDeploymentPostprocessing = 0;
		};
/* End PBXFrameworksBuildPhase section */

/* Begin PBXGroup section */
		1D458FD81CBD81A400506FC8 = {
			isa = PBXGroup;
			children = (
				1D458FE31CBD81A400506FC8 /* ReduxDemo */,
				1D458FF81CBD81A400506FC8 /* ReduxDemoTests */,
				1D458FE21CBD81A400506FC8 /* Products */,
			);
			sourceTree = "<group>";
		};
		1D458FE21CBD81A400506FC8 /* Products */ = {
			isa = PBXGroup;
			children = (
				1D458FE11CBD81A400506FC8 /* ReduxDemo.app */,
				1D458FF51CBD81A400506FC8 /* ReduxDemoTests.xctest */,
			);
			name = Products;
			sourceTree = "<group>";
		};
		1D458FE31CBD81A400506FC8 /* ReduxDemo */ = {
			isa = PBXGroup;
			children = (
				1D458FE41CBD81A400506FC8 /* AppDelegate.swift */,
				1D458FE61CBD81A400506FC8 /* ViewController.swift */,
				1D458FE81CBD81A400506FC8 /* Main.storyboard */,
				1D458FEB1CBD81A400506FC8 /* Assets.xcassets */,
				1D458FED1CBD81A400506FC8 /* LaunchScreen.storyboard */,
				1D458FF01CBD81A400506FC8 /* Info.plist */,
			);
			path = ReduxDemo;
			sourceTree = "<group>";
		};
		1D458FF81CBD81A400506FC8 /* ReduxDemoTests */ = {
			isa = PBXGroup;
			children = (
				1D458FF91CBD81A400506FC8 /* ReduxDemoTests.swift */,
				1D458FFB1CBD81A400506FC8 /* Info.plist */,
			);
			path = ReduxDemoTests;
			sourceTree = "<group>";
		};
/* End PBXGroup section */

/* Begin PBXNativeTarget section */
		1D458FE01CBD81A400506FC8 /* ReduxDemo */ = {
			isa = PBXNativeTarget;
			buildConfigurationList = 1D458FFE1CBD81A400506FC8 /* Build configuration list for PBXNativeTarget "ReduxDemo" */;
			buildPhases = (
				1D458FDD1CBD81A400506FC8 /* Sources */,
				1D458FDE1CBD81A400506FC8 /* Frameworks */,
				1D458FDF1CBD81A400506FC8 /* Resources */,
			);
			buildRules = (
			);
			dependencies = (
			);
			name = ReduxDemo;
			productName = ReduxDemo;
			productReference = 1D458FE11CBD81A400506FC8 /* ReduxDemo.app */;
			productType = "com.apple.product-type.application";
		};
		1D458FF41CBD81A400506FC8 /* ReduxDemoTests */ = {
			isa = PBXNativeTarget;
			buildConfigurationList = 1D4590011CBD81A400506FC8 /* Build configuration list for PBXNativeTarget "ReduxDemoTests" */;
			buildPhases = (
				1D458FF11CBD81A400506FC8 /* Sources */,
				1D458FF21CBD81A400506FC8 /* Frameworks */,
				1D458FF31CBD81A400506FC8 /* Resources */,
			);
			buildRules = (
			);
			dependencies = (
				1D458FF71CBD81A400506FC8 /* PBXTargetDependency */,
			);
			name = ReduxDemoTests;
			productName = ReduxDemoTests;
			productReference = 1D458FF51CBD81A400506FC8 /* ReduxDemoTests.xctest */;
			productType = "com.apple.product-type.bundle.unit-test";
		};
/* End PBXNativeTarget section */

/* Begin PBXProject section */
		1D458FD91CBD81A400506FC8 /* Project object */ = {
			isa = PBXProject;
			attributes = {
				LastSwiftUpdateCheck = 0730;
				LastUpgradeCheck = 0730;
				ORGANIZATIONNAME = "Eliasz Sawicki";
				TargetAttributes = {
					1D458FE01CBD81A400506FC8 = {
						CreatedOnToolsVersion = 7.3;
					};
					1D458FF41CBD81A400506FC8 = {
						CreatedOnToolsVersion = 7.3;
						TestTargetID = 1D458FE01CBD81A400506FC8;
					};
				};
			};
			buildConfigurationList = 1D458FDC1CBD81A400506FC8 /* Build configuration list for PBXProject "ReduxDemo" */;
			compatibilityVersion = "Xcode 3.2";
			developmentRegion = English;
			hasScannedForEncodings = 0;
			knownRegions = (
				en,
				Base,
			);
			mainGroup = 1D458FD81CBD81A400506FC8;
			productRefGroup = 1D458FE21CBD81A400506FC8 /* Products */;
			projectDirPath = "";
			projectRoot = "";
			targets = (
				1D458FE01CBD81A400506FC8 /* ReduxDemo */,
				1D458FF41CBD81A400506FC8 /* ReduxDemoTests */,
			);
		};
/* End PBXProject section */

/* Begin PBXResourcesBuildPhase section */
		1D458FDF1CBD81A400506FC8 /* Resources */ = {
			isa = PBXResourcesBuildPhase;
			buildActionMask = 2147483647;
			files = (
				1D458FEF1CBD81A400506FC8 /* LaunchScreen.storyboard in Resources */,
				1D458FEC1CBD81A400506FC8 /* Assets.xcassets in Resources */,
				1D458FEA1CBD81A400506FC8 /* Main.storyboard in Resources */,
			);
			runOnlyForDeploymentPostprocessing = 0;
		};
		1D458FF31CBD81A400506FC8 /* Resources */ = {
			isa = PBXResourcesBuildPhase;
			buildActionMask = 2147483647;
			files = (
			);
			runOnlyForDeploymentPostprocessing = 0;
		};
/* End PBXResourcesBuildPhase section */

/* Begin PBXSourcesBuildPhase section */
		1D458FDD1CBD81A400506FC8 /* Sources */ = {
			isa = PBXSourcesBuildPhase;
			buildActionMask = 2147483647;
			files = (
				1D458FE71CBD81A400506FC8 /* ViewController.swift in Sources */,
				1D458FE51CBD81A400506FC8 /* AppDelegate.swift in Sources */,
			);
			runOnlyForDeploymentPostprocessing = 0;
		};
		1D458FF11CBD81A400506FC8 /* Sources */ = {
			isa = PBXSourcesBuildPhase;
			buildActionMask = 2147483647;
			files = (
				1D458FFA1CBD81A400506FC8 /* ReduxDemoTests.swift in Sources */,
			);
			runOnlyForDeploymentPostprocessing = 0;
		};
/* End PBXSourcesBuildPhase section */

/* Begin PBXTargetDependency section */
		1D458FF71CBD81A400506FC8 /* PBXTargetDependency */ = {
			isa = PBXTargetDependency;
			target = 1D458FE01CBD81A400506FC8 /* ReduxDemo */;
			targetProxy = 1D458FF61CBD81A400506FC8 /* PBXContainerItemProxy */;
		};
/* End PBXTargetDependency section */

/* Begin PBXVariantGroup section */
		1D458FE81CBD81A400506FC8 /* Main.storyboard */ = {
			isa = PBXVariantGroup;
			children = (
				1D458FE91CBD81A400506FC8 /* Base */,
			);
			name = Main.storyboard;
			sourceTree = "<group>";
		};
		1D458FED1CBD81A400506FC8 /* LaunchScreen.storyboard */ = {
			isa = PBXVariantGroup;
			children = (
				1D458FEE1CBD81A400506FC8 /* Base */,
			);
			name = LaunchScreen.storyboard;
			sourceTree = "<group>";
		};
/* End PBXVariantGroup section */

/* Begin XCBuildConfiguration section */
		1D458FFC1CBD81A400506FC8 /* Debug */ = {
			isa = XCBuildConfiguration;
			buildSettings = {
				ALWAYS_SEARCH_USER_PATHS = NO;
				CLANG_ANALYZER_NONNULL = YES;
				CLANG_CXX_LANGUAGE_STANDARD = "gnu++0x";
				CLANG_CXX_LIBRARY = "libc++";
				CLANG_ENABLE_MODULES = YES;
				CLANG_ENABLE_OBJC_ARC = YES;
				CLANG_WARN_BOOL_CONVERSION = YES;
				CLANG_WARN_CONSTANT_CONVERSION = YES;
				CLANG_WARN_DIRECT_OBJC_ISA_USAGE = YES_ERROR;
				CLANG_WARN_EMPTY_BODY = YES;
				CLANG_WARN_ENUM_CONVERSION = YES;
				CLANG_WARN_INT_CONVERSION = YES;
				CLANG_WARN_OBJC_ROOT_CLASS = YES_ERROR;
				CLANG_WARN_UNREACHABLE_CODE = YES;
				CLANG_WARN__DUPLICATE_METHOD_MATCH = YES;
				"CODE_SIGN_IDENTITY[sdk=iphoneos*]" = "iPhone Developer";
				COPY_PHASE_STRIP = NO;
				DEBUG_INFORMATION_FORMAT = dwarf;
				ENABLE_STRICT_OBJC_MSGSEND = YES;
				ENABLE_TESTABILITY = YES;
				GCC_C_LANGUAGE_STANDARD = gnu99;
				GCC_DYNAMIC_NO_PIC = NO;
				GCC_NO_COMMON_BLOCKS = YES;
				GCC_OPTIMIZATION_LEVEL = 0;
				GCC_PREPROCESSOR_DEFINITIONS = (
					"DEBUG=1",
					"$(inherited)",
				);
				GCC_WARN_64_TO_32_BIT_CONVERSION = YES;
				GCC_WARN_ABOUT_RETURN_TYPE = YES_ERROR;
				GCC_WARN_UNDECLARED_SELECTOR = YES;
				GCC_WARN_UNINITIALIZED_AUTOS = YES_AGGRESSIVE;
				GCC_WARN_UNUSED_FUNCTION = YES;
				GCC_WARN_UNUSED_VARIABLE = YES;
				IPHONEOS_DEPLOYMENT_TARGET = 9.3;
				MTL_ENABLE_DEBUG_INFO = YES;
				ONLY_ACTIVE_ARCH = YES;
				SDKROOT = iphoneos;
				SWIFT_OPTIMIZATION_LEVEL = "-Onone";
			};
			name = Debug;
		};
		1D458FFD1CBD81A400506FC8 /* Release */ = {
			isa = XCBuildConfiguration;
			buildSettings = {
				ALWAYS_SEARCH_USER_PATHS = NO;
				CLANG_ANALYZER_NONNULL = YES;
				CLANG_CXX_LANGUAGE_STANDARD = "gnu++0x";
				CLANG_CXX_LIBRARY = "libc++";
				CLANG_ENABLE_MODULES = YES;
				CLANG_ENABLE_OBJC_ARC = YES;
				CLANG_WARN_BOOL_CONVERSION = YES;
				CLANG_WARN_CONSTANT_CONVERSION = YES;
				CLANG_WARN_DIRECT_OBJC_ISA_USAGE = YES_ERROR;
				CLANG_WARN_EMPTY_BODY = YES;
				CLANG_WARN_ENUM_CONVERSION = YES;
				CLANG_WARN_INT_CONVERSION = YES;
				CLANG_WARN_OBJC_ROOT_CLASS = YES_ERROR;
				CLANG_WARN_UNREACHABLE_CODE = YES;
				CLANG_WARN__DUPLICATE_METHOD_MATCH = YES;
				"CODE_SIGN_IDENTITY[sdk=iphoneos*]" = "iPhone Developer";
				COPY_PHASE_STRIP = NO;
				DEBUG_INFORMATION_FORMAT = "dwarf-with-dsym";
				ENABLE_NS_ASSERTIONS = NO;
				ENABLE_STRICT_OBJC_MSGSEND = YES;
				GCC_C_LANGUAGE_STANDARD = gnu99;
				GCC_NO_COMMON_BLOCKS = YES;
				GCC_WARN_64_TO_32_BIT_CONVERSION = YES;
				GCC_WARN_ABOUT_RETURN_TYPE = YES_ERROR;
				GCC_WARN_UNDECLARED_SELECTOR = YES;
				GCC_WARN_UNINITIALIZED_AUTOS = YES_AGGRESSIVE;
				GCC_WARN_UNUSED_FUNCTION = YES;
				GCC_WARN_UNUSED_VARIABLE = YES;
				IPHONEOS_DEPLOYMENT_TARGET = 9.3;
				MTL_ENABLE_DEBUG_INFO = NO;
				SDKROOT = iphoneos;
				VALIDATE_PRODUCT = YES;
			};
			name = Release;
		};
		1D458FFF1CBD81A400506FC8 /* Debug */ = {
			isa = XCBuildConfiguration;
			buildSettings = {
				ASSETCATALOG_COMPILER_APPICON_NAME = AppIcon;
				INFOPLIST_FILE = ReduxDemo/Info.plist;
				LD_RUNPATH_SEARCH_PATHS = "$(inherited) @executable_path/Frameworks";
				PRODUCT_BUNDLE_IDENTIFIER = sawpro.ReduxDemo;
				PRODUCT_NAME = "$(TARGET_NAME)";
			};
			name = Debug;
		};
		1D4590001CBD81A400506FC8 /* Release */ = {
			isa = XCBuildConfiguration;
			buildSettings = {
				ASSETCATALOG_COMPILER_APPICON_NAME = AppIcon;
				INFOPLIST_FILE = ReduxDemo/Info.plist;
				LD_RUNPATH_SEARCH_PATHS = "$(inherited) @executable_path/Frameworks";
				PRODUCT_BUNDLE_IDENTIFIER = sawpro.ReduxDemo;
				PRODUCT_NAME = "$(TARGET_NAME)";
			};
			name = Release;
		};
		1D4590021CBD81A400506FC8 /* Debug */ = {
			isa = XCBuildConfiguration;
			buildSettings = {
				BUNDLE_LOADER = "$(TEST_HOST)";
				INFOPLIST_FILE = ReduxDemoTests/Info.plist;
				LD_RUNPATH_SEARCH_PATHS = "$(inherited) @executable_path/Frameworks @loader_path/Frameworks";
				PRODUCT_BUNDLE_IDENTIFIER = sawpro.ReduxDemoTests;
				PRODUCT_NAME = "$(TARGET_NAME)";
				TEST_HOST = "$(BUILT_PRODUCTS_DIR)/ReduxDemo.app/ReduxDemo";
			};
			name = Debug;
		};
		1D4590031CBD81A400506FC8 /* Release */ = {
			isa = XCBuildConfiguration;
			buildSettings = {
				BUNDLE_LOADER = "$(TEST_HOST)";
				INFOPLIST_FILE = ReduxDemoTests/Info.plist;
				LD_RUNPATH_SEARCH_PATHS = "$(inherited) @executable_path/Frameworks @loader_path/Frameworks";
				PRODUCT_BUNDLE_IDENTIFIER = sawpro.ReduxDemoTests;
				PRODUCT_NAME = "$(TARGET_NAME)";
				TEST_HOST = "$(BUILT_PRODUCTS_DIR)/ReduxDemo.app/ReduxDemo";
			};
			name = Release;
		};
/* End XCBuildConfiguration section */

/* Begin XCConfigurationList section */
		1D458FDC1CBD81A400506FC8 /* Build configuration list for PBXProject "ReduxDemo" */ = {
			isa = XCConfigurationList;
			buildConfigurations = (
				1D458FFC1CBD81A400506FC8 /* Debug */,
				1D458FFD1CBD81A400506FC8 /* Release */,
			);
			defaultConfigurationIsVisible = 0;
			defaultConfigurationName = Release;
		};
		1D458FFE1CBD81A400506FC8 /* Build configuration list for PBXNativeTarget "ReduxDemo" */ = {
			isa = XCConfigurationList;
			buildConfigurations = (
				1D458FFF1CBD81A400506FC8 /* Debug */,
				1D4590001CBD81A400506FC8 /* Release */,
			);
			defaultConfigurationIsVisible = 0;
		};
		1D4590011CBD81A400506FC8 /* Build configuration list for PBXNativeTarget "ReduxDemoTests" */ = {
			isa = XCConfigurationList;
			buildConfigurations = (
				1D4590021CBD81A400506FC8 /* Debug */,
				1D4590031CBD81A400506FC8 /* Release */,
			);
			defaultConfigurationIsVisible = 0;
		};
/* End XCConfigurationList section */
	};
	rootObject = 1D458FD91CBD81A400506FC8 /* Project object */;
}
